
Microsoft Visual Studio Solution File, Format Version 12.00
# Visual Studio Version 16
VisualStudioVersion = 16.0.30804.86
MinimumVisualStudioVersion = 10.0.40219.1
Project("{FAE04EC0-301F-11D3-BF4B-00C04F79EFBC}") = "Phase2DataLibrary", "Phase2DataLibrary.csproj", "{F65355D6-57ED-4200-8396-D02987C13A2E}"
EndProject
Global
	GlobalSection(SolutionConfigurationPlatforms) = preSolution
		Debug|Any CPU = Debug|Any CPU
		Release|Any CPU = Release|Any CPU
	EndGlobalSection
	GlobalSection(ProjectConfigurationPlatforms) = postSolution
		{F65355D6-57ED-4200-8396-D02987C13A2E}.Debug|Any CPU.ActiveCfg = Debug|Any CPU
		{F65355D6-57ED-4200-8396-D02987C13A2E}.Debug|Any CPU.Build.0 = Debug|Any CPU
		{F65355D6-57ED-4200-8396-D02987C13A2E}.Release|Any CPU.ActiveCfg = Release|Any CPU
		{F65355D6-57ED-4200-8396-D02987C13A2E}.Release|Any CPU.Build.0 = Release|Any CPU
	EndGlobalSection
	GlobalSection(SolutionProperties) = preSolution
		HideSolutionNode = FALSE
	EndGlobalSection
	GlobalSection(ExtensibilityGlobals) = postSolution
		SolutionGuid = {F175D759-674D-42C1-B8DA-49AEEE5647AF}
	EndGlobalSection
EndGlobal
