
Microsoft Visual Studio Solution File, Format Version 12.00
# Visual Studio Version 16
VisualStudioVersion = 16.0.30804.86
MinimumVisualStudioVersion = 10.0.40219.1
Project("{FAE04EC0-301F-11D3-BF4B-00C04F79EFBC}") = "FirstSimpleDataSite", "FirstSimpleDataSite.csproj", "{BA4D856B-7818-4FA9-94D3-66C1E8DE9DD7}"
EndProject
Project("{9A19103F-16F7-4668-BE54-9A1E7A4F7556}") = "DataLocationLibrary", "..\..\Libraries\DataLocationLibrary\DataLocationLibrary.csproj", "{AAA8FCAB-C8AF-4265-A81D-B45B66962E1C}"
EndProject
Project("{9A19103F-16F7-4668-BE54-9A1E7A4F7556}") = "FirstDataModelLibrary", "..\..\Libraries\FirstDataModelLibrary\FirstDataModelLibrary.csproj", "{FB977EDE-BCBD-4BC6-9798-23655A347C7F}"
EndProject
Global
	GlobalSection(SolutionConfigurationPlatforms) = preSolution
		Debug|Any CPU = Debug|Any CPU
		Release|Any CPU = Release|Any CPU
	EndGlobalSection
	GlobalSection(ProjectConfigurationPlatforms) = postSolution
		{BA4D856B-7818-4FA9-94D3-66C1E8DE9DD7}.Debug|Any CPU.ActiveCfg = Debug|Any CPU
		{BA4D856B-7818-4FA9-94D3-66C1E8DE9DD7}.Debug|Any CPU.Build.0 = Debug|Any CPU
		{BA4D856B-7818-4FA9-94D3-66C1E8DE9DD7}.Release|Any CPU.ActiveCfg = Release|Any CPU
		{BA4D856B-7818-4FA9-94D3-66C1E8DE9DD7}.Release|Any CPU.Build.0 = Release|Any CPU
		{AAA8FCAB-C8AF-4265-A81D-B45B66962E1C}.Debug|Any CPU.ActiveCfg = Debug|Any CPU
		{AAA8FCAB-C8AF-4265-A81D-B45B66962E1C}.Debug|Any CPU.Build.0 = Debug|Any CPU
		{AAA8FCAB-C8AF-4265-A81D-B45B66962E1C}.Release|Any CPU.ActiveCfg = Release|Any CPU
		{AAA8FCAB-C8AF-4265-A81D-B45B66962E1C}.Release|Any CPU.Build.0 = Release|Any CPU
		{FB977EDE-BCBD-4BC6-9798-23655A347C7F}.Debug|Any CPU.ActiveCfg = Debug|Any CPU
		{FB977EDE-BCBD-4BC6-9798-23655A347C7F}.Debug|Any CPU.Build.0 = Debug|Any CPU
		{FB977EDE-BCBD-4BC6-9798-23655A347C7F}.Release|Any CPU.ActiveCfg = Release|Any CPU
		{FB977EDE-BCBD-4BC6-9798-23655A347C7F}.Release|Any CPU.Build.0 = Release|Any CPU
	EndGlobalSection
	GlobalSection(SolutionProperties) = preSolution
		HideSolutionNode = FALSE
	EndGlobalSection
	GlobalSection(ExtensibilityGlobals) = postSolution
		SolutionGuid = {F6DCDF31-7253-466B-9094-037D8C1F1F22}
	EndGlobalSection
EndGlobal
