
Microsoft Visual Studio Solution File, Format Version 12.00
# Visual Studio Version 16
VisualStudioVersion = 16.0.30804.86
MinimumVisualStudioVersion = 10.0.40219.1
Project("{FAE04EC0-301F-11D3-BF4B-00C04F79EFBC}") = "GenerateFirstModels", "GenerateFirstModels.csproj", "{5CDBD713-2CC4-449D-8FEB-553E18F1CABA}"
EndProject
Project("{9A19103F-16F7-4668-BE54-9A1E7A4F7556}") = "DataLocationLibrary", "..\..\Libraries\DataLocationLibrary\DataLocationLibrary.csproj", "{2403EECB-6876-48DE-AAAA-6EB3AFD79606}"
EndProject
Global
	GlobalSection(SolutionConfigurationPlatforms) = preSolution
		Debug|Any CPU = Debug|Any CPU
		Release|Any CPU = Release|Any CPU
	EndGlobalSection
	GlobalSection(ProjectConfigurationPlatforms) = postSolution
		{5CDBD713-2CC4-449D-8FEB-553E18F1CABA}.Debug|Any CPU.ActiveCfg = Debug|Any CPU
		{5CDBD713-2CC4-449D-8FEB-553E18F1CABA}.Debug|Any CPU.Build.0 = Debug|Any CPU
		{5CDBD713-2CC4-449D-8FEB-553E18F1CABA}.Release|Any CPU.ActiveCfg = Release|Any CPU
		{5CDBD713-2CC4-449D-8FEB-553E18F1CABA}.Release|Any CPU.Build.0 = Release|Any CPU
		{2403EECB-6876-48DE-AAAA-6EB3AFD79606}.Debug|Any CPU.ActiveCfg = Debug|Any CPU
		{2403EECB-6876-48DE-AAAA-6EB3AFD79606}.Debug|Any CPU.Build.0 = Debug|Any CPU
		{2403EECB-6876-48DE-AAAA-6EB3AFD79606}.Release|Any CPU.ActiveCfg = Release|Any CPU
		{2403EECB-6876-48DE-AAAA-6EB3AFD79606}.Release|Any CPU.Build.0 = Release|Any CPU
	EndGlobalSection
	GlobalSection(SolutionProperties) = preSolution
		HideSolutionNode = FALSE
	EndGlobalSection
	GlobalSection(ExtensibilityGlobals) = postSolution
		SolutionGuid = {87ECE0C1-D5F8-401F-8FA3-1050F01689C0}
	EndGlobalSection
EndGlobal
