
Microsoft Visual Studio Solution File, Format Version 12.00
# Visual Studio Version 16
VisualStudioVersion = 16.0.30804.86
MinimumVisualStudioVersion = 10.0.40219.1
Project("{FAE04EC0-301F-11D3-BF4B-00C04F79EFBC}") = "CaptureFirstData", "CaptureFirstData.csproj", "{D0F643AB-C4B8-406E-98A2-507924511B3A}"
EndProject
Project("{FAE04EC0-301F-11D3-BF4B-00C04F79EFBC}") = "FirstDataModelLibrary", "..\..\Libraries\FirstDataModelLibrary\FirstDataModelLibrary.csproj", "{9D97D59B-8F2D-40DF-AF55-41B392D9D9D4}"
EndProject
Project("{FAE04EC0-301F-11D3-BF4B-00C04F79EFBC}") = "DataLocationLibrary", "..\..\Libraries\DataLocationLibrary\DataLocationLibrary.csproj", "{590DC870-7F06-44E6-897D-7F21FDF08640}"
EndProject
Global
	GlobalSection(SolutionConfigurationPlatforms) = preSolution
		Debug|Any CPU = Debug|Any CPU
		Release|Any CPU = Release|Any CPU
	EndGlobalSection
	GlobalSection(ProjectConfigurationPlatforms) = postSolution
		{D0F643AB-C4B8-406E-98A2-507924511B3A}.Debug|Any CPU.ActiveCfg = Debug|Any CPU
		{D0F643AB-C4B8-406E-98A2-507924511B3A}.Debug|Any CPU.Build.0 = Debug|Any CPU
		{D0F643AB-C4B8-406E-98A2-507924511B3A}.Release|Any CPU.ActiveCfg = Release|Any CPU
		{D0F643AB-C4B8-406E-98A2-507924511B3A}.Release|Any CPU.Build.0 = Release|Any CPU
		{9D97D59B-8F2D-40DF-AF55-41B392D9D9D4}.Debug|Any CPU.ActiveCfg = Debug|Any CPU
		{9D97D59B-8F2D-40DF-AF55-41B392D9D9D4}.Debug|Any CPU.Build.0 = Debug|Any CPU
		{9D97D59B-8F2D-40DF-AF55-41B392D9D9D4}.Release|Any CPU.ActiveCfg = Release|Any CPU
		{9D97D59B-8F2D-40DF-AF55-41B392D9D9D4}.Release|Any CPU.Build.0 = Release|Any CPU
		{590DC870-7F06-44E6-897D-7F21FDF08640}.Debug|Any CPU.ActiveCfg = Debug|Any CPU
		{590DC870-7F06-44E6-897D-7F21FDF08640}.Debug|Any CPU.Build.0 = Debug|Any CPU
		{590DC870-7F06-44E6-897D-7F21FDF08640}.Release|Any CPU.ActiveCfg = Release|Any CPU
		{590DC870-7F06-44E6-897D-7F21FDF08640}.Release|Any CPU.Build.0 = Release|Any CPU
	EndGlobalSection
	GlobalSection(SolutionProperties) = preSolution
		HideSolutionNode = FALSE
	EndGlobalSection
	GlobalSection(ExtensibilityGlobals) = postSolution
		SolutionGuid = {513EB358-9F33-4F47-84AE-846D167DA805}
	EndGlobalSection
EndGlobal
