
Microsoft Visual Studio Solution File, Format Version 12.00
# Visual Studio Version 16
VisualStudioVersion = 16.0.30804.86
MinimumVisualStudioVersion = 10.0.40219.1
Project("{FAE04EC0-301F-11D3-BF4B-00C04F79EFBC}") = "Phase5DataLibrary", "Phase5DataLibrary.csproj", "{D0449831-0EEF-4FC2-B2C3-259FCE14F886}"
EndProject
Global
	GlobalSection(SolutionConfigurationPlatforms) = preSolution
		Debug|Any CPU = Debug|Any CPU
		Release|Any CPU = Release|Any CPU
	EndGlobalSection
	GlobalSection(ProjectConfigurationPlatforms) = postSolution
		{D0449831-0EEF-4FC2-B2C3-259FCE14F886}.Debug|Any CPU.ActiveCfg = Debug|Any CPU
		{D0449831-0EEF-4FC2-B2C3-259FCE14F886}.Debug|Any CPU.Build.0 = Debug|Any CPU
		{D0449831-0EEF-4FC2-B2C3-259FCE14F886}.Release|Any CPU.ActiveCfg = Release|Any CPU
		{D0449831-0EEF-4FC2-B2C3-259FCE14F886}.Release|Any CPU.Build.0 = Release|Any CPU
	EndGlobalSection
	GlobalSection(SolutionProperties) = preSolution
		HideSolutionNode = FALSE
	EndGlobalSection
	GlobalSection(ExtensibilityGlobals) = postSolution
		SolutionGuid = {247C90C0-2156-42DE-9201-85523BAA9C42}
	EndGlobalSection
EndGlobal
